
Microsoft Visual Studio Solution File, Format Version 12.00
# Visual Studio Version 17
VisualStudioVersion = 17.0.31912.275
MinimumVisualStudioVersion = 10.0.40219.1
Project("{9A19103F-16F7-4668-BE54-9A1E7A4F7556}") = "DotNetEd.CoreAdmin", "src\DotNetEd.CoreAdmin\DotNetEd.CoreAdmin.csproj", "{44822078-CB19-4FE8-BC1D-141F067D6FF1}"
EndProject
Global
	GlobalSection(SolutionConfigurationPlatforms) = preSolution
		Debug|Any CPU = Debug|Any CPU
		Release|Any CPU = Release|Any CPU
	EndGlobalSection
	GlobalSection(ProjectConfigurationPlatforms) = postSolution
		{44822078-CB19-4FE8-BC1D-141F067D6FF1}.Debug|Any CPU.ActiveCfg = Debug|Any CPU
		{44822078-CB19-4FE8-BC1D-141F067D6FF1}.Debug|Any CPU.Build.0 = Debug|Any CPU
		{44822078-CB19-4FE8-BC1D-141F067D6FF1}.Release|Any CPU.ActiveCfg = Release|Any CPU
		{44822078-CB19-4FE8-BC1D-141F067D6FF1}.Release|Any CPU.Build.0 = Release|Any CPU
	EndGlobalSection
	GlobalSection(SolutionProperties) = preSolution
		HideSolutionNode = FALSE
	EndGlobalSection
	GlobalSection(ExtensibilityGlobals) = postSolution
		SolutionGuid = {C604E198-A457-4C3A-93EC-574D13300E30}
	EndGlobalSection
EndGlobal
